{
  "nodes": {
    "nixpkgs": {
      "locked": {
        "lastModified": 1693183237,
        "narHash": "sha256-c7OtyBkZ/vZE/WosBpRGRtkbWZjDHGJP7fg1FyB9Dsc=",
        "owner": "NixOS",
        "repo": "nixpkgs",
        "rev": "ea5234e7073d5f44728c499192544a84244bf35a",
        "type": "github"
      },
      "original": {
        "owner": "NixOS",
        "ref": "nixos-23.05",
        "repo": "nixpkgs",
        "type": "github"
      }
    },
    "root": {
      "inputs": {
        "nixpkgs": "nixpkgs"
      }
    }
  },
  "root": "root",
  "version": 7
}
